
Microsoft Visual Studio Solution File, Format Version 12.00
# Visual Studio Version 16
VisualStudioVersion = 16.0.30907.101
MinimumVisualStudioVersion = 10.0.40219.1
Project("{FAE04EC0-301F-11D3-BF4B-00C04F79EFBC}") = "BoVoyage.Scenario1", "BoVoyage.Scenario1\BoVoyage.Scenario1.csproj", "{F7CAE6A9-0BA8-478D-AFCA-68CAC2A59D68}"
EndProject
Project("{FAE04EC0-301F-11D3-BF4B-00C04F79EFBC}") = "BoVoyage.Metier", "BoVoyage.Metier\BoVoyage.Metier.csproj", "{CB02EC49-97C1-4F30-A51A-728CF77C94D5}"
EndProject
Project("{FAE04EC0-301F-11D3-BF4B-00C04F79EFBC}") = "BoVoyage.Donnees", "BoVoyage.Donnees\BoVoyage.Donnees.csproj", "{67E1B2B5-C42C-4FB7-9C00-A06A768E7AD8}"
EndProject
Project("{FAE04EC0-301F-11D3-BF4B-00C04F79EFBC}") = "BoVoyage.Test", "BoVoyage.Test\BoVoyage.Test.csproj", "{39FB7A3E-458F-4C86-8379-D9F87B3C5962}"
EndProject
Global
	GlobalSection(SolutionConfigurationPlatforms) = preSolution
		Alexandre|Any CPU = Alexandre|Any CPU
		Debug|Any CPU = Debug|Any CPU
		Diego|Any CPU = Diego|Any CPU
		Krystal|Any CPU = Krystal|Any CPU
		Quentin|Any CPU = Quentin|Any CPU
		Release|Any CPU = Release|Any CPU
		Vincent|Any CPU = Vincent|Any CPU
	EndGlobalSection
	GlobalSection(ProjectConfigurationPlatforms) = postSolution
		{F7CAE6A9-0BA8-478D-AFCA-68CAC2A59D68}.Alexandre|Any CPU.ActiveCfg = Alexandre|Any CPU
		{F7CAE6A9-0BA8-478D-AFCA-68CAC2A59D68}.Alexandre|Any CPU.Build.0 = Alexandre|Any CPU
		{F7CAE6A9-0BA8-478D-AFCA-68CAC2A59D68}.Debug|Any CPU.ActiveCfg = Debug|Any CPU
		{F7CAE6A9-0BA8-478D-AFCA-68CAC2A59D68}.Debug|Any CPU.Build.0 = Debug|Any CPU
		{F7CAE6A9-0BA8-478D-AFCA-68CAC2A59D68}.Diego|Any CPU.ActiveCfg = Diego|Any CPU
		{F7CAE6A9-0BA8-478D-AFCA-68CAC2A59D68}.Diego|Any CPU.Build.0 = Diego|Any CPU
		{F7CAE6A9-0BA8-478D-AFCA-68CAC2A59D68}.Krystal|Any CPU.ActiveCfg = Krystal|Any CPU
		{F7CAE6A9-0BA8-478D-AFCA-68CAC2A59D68}.Krystal|Any CPU.Build.0 = Krystal|Any CPU
		{F7CAE6A9-0BA8-478D-AFCA-68CAC2A59D68}.Quentin|Any CPU.ActiveCfg = Quentin|Any CPU
		{F7CAE6A9-0BA8-478D-AFCA-68CAC2A59D68}.Quentin|Any CPU.Build.0 = Quentin|Any CPU
		{F7CAE6A9-0BA8-478D-AFCA-68CAC2A59D68}.Release|Any CPU.ActiveCfg = Release|Any CPU
		{F7CAE6A9-0BA8-478D-AFCA-68CAC2A59D68}.Release|Any CPU.Build.0 = Release|Any CPU
		{F7CAE6A9-0BA8-478D-AFCA-68CAC2A59D68}.Vincent|Any CPU.ActiveCfg = Vincent|Any CPU
		{F7CAE6A9-0BA8-478D-AFCA-68CAC2A59D68}.Vincent|Any CPU.Build.0 = Vincent|Any CPU
		{CB02EC49-97C1-4F30-A51A-728CF77C94D5}.Alexandre|Any CPU.ActiveCfg = Alexandre|Any CPU
		{CB02EC49-97C1-4F30-A51A-728CF77C94D5}.Alexandre|Any CPU.Build.0 = Alexandre|Any CPU
		{CB02EC49-97C1-4F30-A51A-728CF77C94D5}.Debug|Any CPU.ActiveCfg = Debug|Any CPU
		{CB02EC49-97C1-4F30-A51A-728CF77C94D5}.Debug|Any CPU.Build.0 = Debug|Any CPU
		{CB02EC49-97C1-4F30-A51A-728CF77C94D5}.Diego|Any CPU.ActiveCfg = Diego|Any CPU
		{CB02EC49-97C1-4F30-A51A-728CF77C94D5}.Diego|Any CPU.Build.0 = Diego|Any CPU
		{CB02EC49-97C1-4F30-A51A-728CF77C94D5}.Krystal|Any CPU.ActiveCfg = Krystal|Any CPU
		{CB02EC49-97C1-4F30-A51A-728CF77C94D5}.Krystal|Any CPU.Build.0 = Krystal|Any CPU
		{CB02EC49-97C1-4F30-A51A-728CF77C94D5}.Quentin|Any CPU.ActiveCfg = Quentin|Any CPU
		{CB02EC49-97C1-4F30-A51A-728CF77C94D5}.Quentin|Any CPU.Build.0 = Quentin|Any CPU
		{CB02EC49-97C1-4F30-A51A-728CF77C94D5}.Release|Any CPU.ActiveCfg = Release|Any CPU
		{CB02EC49-97C1-4F30-A51A-728CF77C94D5}.Release|Any CPU.Build.0 = Release|Any CPU
		{CB02EC49-97C1-4F30-A51A-728CF77C94D5}.Vincent|Any CPU.ActiveCfg = Vincent|Any CPU
		{CB02EC49-97C1-4F30-A51A-728CF77C94D5}.Vincent|Any CPU.Build.0 = Vincent|Any CPU
		{67E1B2B5-C42C-4FB7-9C00-A06A768E7AD8}.Alexandre|Any CPU.ActiveCfg = Alexandre|Any CPU
		{67E1B2B5-C42C-4FB7-9C00-A06A768E7AD8}.Alexandre|Any CPU.Build.0 = Alexandre|Any CPU
		{67E1B2B5-C42C-4FB7-9C00-A06A768E7AD8}.Debug|Any CPU.ActiveCfg = Debug|Any CPU
		{67E1B2B5-C42C-4FB7-9C00-A06A768E7AD8}.Debug|Any CPU.Build.0 = Debug|Any CPU
		{67E1B2B5-C42C-4FB7-9C00-A06A768E7AD8}.Diego|Any CPU.ActiveCfg = Diego|Any CPU
		{67E1B2B5-C42C-4FB7-9C00-A06A768E7AD8}.Diego|Any CPU.Build.0 = Diego|Any CPU
		{67E1B2B5-C42C-4FB7-9C00-A06A768E7AD8}.Krystal|Any CPU.ActiveCfg = Krystal|Any CPU
		{67E1B2B5-C42C-4FB7-9C00-A06A768E7AD8}.Krystal|Any CPU.Build.0 = Krystal|Any CPU
		{67E1B2B5-C42C-4FB7-9C00-A06A768E7AD8}.Quentin|Any CPU.ActiveCfg = Quentin|Any CPU
		{67E1B2B5-C42C-4FB7-9C00-A06A768E7AD8}.Quentin|Any CPU.Build.0 = Quentin|Any CPU
		{67E1B2B5-C42C-4FB7-9C00-A06A768E7AD8}.Release|Any CPU.ActiveCfg = Release|Any CPU
		{67E1B2B5-C42C-4FB7-9C00-A06A768E7AD8}.Release|Any CPU.Build.0 = Release|Any CPU
		{67E1B2B5-C42C-4FB7-9C00-A06A768E7AD8}.Vincent|Any CPU.ActiveCfg = Vincent|Any CPU
		{67E1B2B5-C42C-4FB7-9C00-A06A768E7AD8}.Vincent|Any CPU.Build.0 = Vincent|Any CPU
		{39FB7A3E-458F-4C86-8379-D9F87B3C5962}.Alexandre|Any CPU.ActiveCfg = Debug|Any CPU
		{39FB7A3E-458F-4C86-8379-D9F87B3C5962}.Alexandre|Any CPU.Build.0 = Debug|Any CPU
		{39FB7A3E-458F-4C86-8379-D9F87B3C5962}.Debug|Any CPU.ActiveCfg = Debug|Any CPU
		{39FB7A3E-458F-4C86-8379-D9F87B3C5962}.Debug|Any CPU.Build.0 = Debug|Any CPU
		{39FB7A3E-458F-4C86-8379-D9F87B3C5962}.Diego|Any CPU.ActiveCfg = Debug|Any CPU
		{39FB7A3E-458F-4C86-8379-D9F87B3C5962}.Diego|Any CPU.Build.0 = Debug|Any CPU
		{39FB7A3E-458F-4C86-8379-D9F87B3C5962}.Krystal|Any CPU.ActiveCfg = Debug|Any CPU
		{39FB7A3E-458F-4C86-8379-D9F87B3C5962}.Krystal|Any CPU.Build.0 = Debug|Any CPU
		{39FB7A3E-458F-4C86-8379-D9F87B3C5962}.Quentin|Any CPU.ActiveCfg = Debug|Any CPU
		{39FB7A3E-458F-4C86-8379-D9F87B3C5962}.Quentin|Any CPU.Build.0 = Debug|Any CPU
		{39FB7A3E-458F-4C86-8379-D9F87B3C5962}.Release|Any CPU.ActiveCfg = Release|Any CPU
		{39FB7A3E-458F-4C86-8379-D9F87B3C5962}.Release|Any CPU.Build.0 = Release|Any CPU
		{39FB7A3E-458F-4C86-8379-D9F87B3C5962}.Vincent|Any CPU.ActiveCfg = Debug|Any CPU
		{39FB7A3E-458F-4C86-8379-D9F87B3C5962}.Vincent|Any CPU.Build.0 = Debug|Any CPU
	EndGlobalSection
	GlobalSection(SolutionProperties) = preSolution
		HideSolutionNode = FALSE
	EndGlobalSection
	GlobalSection(ExtensibilityGlobals) = postSolution
		SolutionGuid = {DD2E5AEC-C1BD-4E3A-9AAC-E50636D853D8}
	EndGlobalSection
EndGlobal
